
Microsoft Visual Studio Solution File, Format Version 12.00
# Visual Studio Version 17
VisualStudioVersion = 17.1.32414.318
MinimumVisualStudioVersion = 10.0.40219.1
Project("{FAE04EC0-301F-11D3-BF4B-00C04F79EFBC}") = "NLP", "NLP.csproj", "{878B1D11-218A-4A1F-AE44-0284AFDB9203}"
EndProject
Global
	GlobalSection(SolutionConfigurationPlatforms) = preSolution
		Debug|Any CPU = Debug|Any CPU
		Release|Any CPU = Release|Any CPU
	EndGlobalSection
	GlobalSection(ProjectConfigurationPlatforms) = postSolution
		{878B1D11-218A-4A1F-AE44-0284AFDB9203}.Debug|Any CPU.ActiveCfg = Debug|Any CPU
		{878B1D11-218A-4A1F-AE44-0284AFDB9203}.Debug|Any CPU.Build.0 = Debug|Any CPU
		{878B1D11-218A-4A1F-AE44-0284AFDB9203}.Release|Any CPU.ActiveCfg = Release|Any CPU
		{878B1D11-218A-4A1F-AE44-0284AFDB9203}.Release|Any CPU.Build.0 = Release|Any CPU
	EndGlobalSection
	GlobalSection(SolutionProperties) = preSolution
		HideSolutionNode = FALSE
	EndGlobalSection
	GlobalSection(ExtensibilityGlobals) = postSolution
		SolutionGuid = {37BBD76E-C681-4EB5-9D8C-B12C7805CC89}
	EndGlobalSection
EndGlobal
